{
  "version": "2",
  "remote": {
    "https://deno.land/std@0.170.0/streams/to_transform_stream.ts": "f3fea34e2d338d9022079d2e756a834b4c233758ad2bcdb43ace326b06c8d36c",
    "https://esm.sh/handlebars@4.7.7": "e1ada3470506e6b2bc1e936c5b3465913e2d06af0fe27538a1da3d72f71fb61a",
    "https://esm.sh/v126/handlebars@4.7.7/denonext/handlebars.mjs": "1965b3d0852d8b0f4074a33b32b89f90198206586d8e5b05579ea76564905d69",
    "https://esm.sh/v126/source-map@0.6.1/denonext/source-map.mjs": "ccff3bb06dea7c01a2c83cf12113697592e418fd06b55ae2bb4cb0a4e51a98b8"
  }
}
